
Microsoft Visual Studio Solution File, Format Version 12.00
# Visual Studio 14
VisualStudioVersion = 14.0.25420.1
MinimumVisualStudioVersion = 10.0.40219.1
Project("{FAE04EC0-301F-11D3-BF4B-00C04F79EFBC}") = "GestionContact", "GestionContact\GestionContact.csproj", "{E4E2C1C4-5530-4BFF-A60C-DEADE2AF1550}"
EndProject
Project("{FAE04EC0-301F-11D3-BF4B-00C04F79EFBC}") = "DllContactLibrary", "DllContactLibrary\DllContactLibrary.csproj", "{6A6780A4-EBDD-4BE7-BDCF-E16285F1DD74}"
EndProject
Global
	GlobalSection(SolutionConfigurationPlatforms) = preSolution
		Debug|Any CPU = Debug|Any CPU
		Release|Any CPU = Release|Any CPU
	EndGlobalSection
	GlobalSection(ProjectConfigurationPlatforms) = postSolution
		{E4E2C1C4-5530-4BFF-A60C-DEADE2AF1550}.Debug|Any CPU.ActiveCfg = Debug|Any CPU
		{E4E2C1C4-5530-4BFF-A60C-DEADE2AF1550}.Debug|Any CPU.Build.0 = Debug|Any CPU
		{E4E2C1C4-5530-4BFF-A60C-DEADE2AF1550}.Release|Any CPU.ActiveCfg = Release|Any CPU
		{E4E2C1C4-5530-4BFF-A60C-DEADE2AF1550}.Release|Any CPU.Build.0 = Release|Any CPU
		{6A6780A4-EBDD-4BE7-BDCF-E16285F1DD74}.Debug|Any CPU.ActiveCfg = Debug|Any CPU
		{6A6780A4-EBDD-4BE7-BDCF-E16285F1DD74}.Debug|Any CPU.Build.0 = Debug|Any CPU
		{6A6780A4-EBDD-4BE7-BDCF-E16285F1DD74}.Release|Any CPU.ActiveCfg = Release|Any CPU
		{6A6780A4-EBDD-4BE7-BDCF-E16285F1DD74}.Release|Any CPU.Build.0 = Release|Any CPU
	EndGlobalSection
	GlobalSection(SolutionProperties) = preSolution
		HideSolutionNode = FALSE
	EndGlobalSection
EndGlobal
